{
  "name": "hellokugelblitz.github.io",
  "version": "1.0.0",
  "lockfileVersion": 3,
  "requires": true,
  "packages": {
    "": {
      "name": "hellokugelblitz.github.io",
      "version": "1.0.0",
      "license": "ISC",
      "dependencies": {
        "animejs": "^4.1.4"
      }
    },
    "node_modules/animejs": {
      "version": "4.1.4",
      "resolved": "https://registry.npmjs.org/animejs/-/animejs-4.1.4.tgz",
      "integrity": "sha512-BdnlkOx959ehvD56Gog6qafRIn6U1gOS5ZNNGK/QHbCv3Ha09IDarplQJbujavki0uT4moeP5RagtoPplhvPAQ=="
    }
  }
}
